github.com/gorilla/context v1.1.1 h1:AWwleXJkX/nhcU9bZSnZoi3h/qGYqQAGhq6zZe/aQW8=
github.com/gorilla/context v1.1.1/go.mod h1:kBGZzfjB9CEq2AlWe17Uuf7NDRt0dE0s8S51q0aT7Yg=
github.com/gorilla/mux v1.6.2 h1:Pgr17XVTNXAk3q/r4CpKzC5xBM/qW1uVLV+IhRZpIIk=
github.com/gorilla/mux v1.6.2/go.mod h1:1lud6UwP+6orDFRuTfBEV8e9/aOM/c4fVVCaMa2zaAs=
github.com/inconshreveable/mousetrap v1.0.0 h1:Z8tu5sraLXCXIcARxBp/8cbvlwVa7Z1NHg9XEKhtSvM=
github.com/inconshreveable/mousetrap v1.0.0/go.mod h1:PxqpIevigyE2G7u3NXJIT2ANytuPF1OarO4DADm73n8=
github.com/spf13/cobra v0.0.3 h1:ZlrZ4XsMRm04Fr5pSFxBgfND2EBVa1nLpiy1stUsX/8=
github.com/spf13/cobra v0.0.3/go.mod h1:1l0Ry5zgKvJasoi3XT1TypsSe7PqH0Sj9dhYf7v3XqQ=
github.com/spf13/pflag v1.0.3 h1:zPAT6CGy6wXeQ7NtTnaTerfKOsV6V6F8agHXFiazDkg=
github.com/spf13/pflag v1.0.3/go.mod h1:DYY7MBk1bdzusC3SYhjObp+wFpr4gzcvqqNjLnInEg4=
github.com/wzshiming/go-bindata v4.0.0+incompatible h1:5BZIS0dluCpQeVz5H3s2ac00m0ZwYCeql9VOSu7d1sc=
github.com/wzshiming/go-bindata v4.0.0+incompatible/go.mod h1:I1JLfFr6JaehMPaEaLpSv6+fbyyZGxYDkdBDRjKfHzM=
github.com/wzshiming/gotype v0.2.3 h1:y1K67pk21Y3XaSXb2+7axYUF6xCmlXpUmYzmcwADbL4=
github.com/wzshiming/gotype v0.2.3/go.mod h1:P0t9DFmwzTST7oUbGw7IaW8DAQxgkCfi7WnGY/+COs4=
github.com/wzshiming/namecase v3.0.4+incompatible h1:6MPkBmlrCwvqU4WefTHb1rz9PXOdzdm5CxbuOCwEO/o=
github.com/wzshiming/namecase v3.0.4+incompatible/go.mod h1:q3P1U6voOD8f/qupop2s7rFCYotZHayowv3UqVj1hBQ=
github.com/wzshiming/openapi v0.0.0-20181205034111-24ff26c8bcf5 h1:7JPLqJVED+w/M2a5KbaNtxhGlaEfRtS42gklQNbygrA=
github.com/wzshiming/openapi v0.0.0-20181205034111-24ff26c8bcf5/go.mod h1:xLEwarevgL1W4ipnAIFtHzG2bugWW6LWh4Hj/ColxQU=
github.com/wzshiming/requests v1.1.0 h1:wP1mpwPwR5wLbsZdzSZy/ORe2kmiSJdZZMwQGS4siys=
github.com/wzshiming/requests v1.1.0/go.mod h1:bWykudsOJpRdoG9HSTm9p0P9BUmnELaxL2Sb3lDACUM=
golang.org/x/net v0.0.0-20180911220305-26e67e76b6c3 h1:czFLhve3vsQetD6JOJ8NZZvGQIXlnN3/yXxbT6/awxI=
golang.org/x/net v0.0.0-20180911220305-26e67e76b6c3/go.mod h1:mL1N/T3taQHkDXs73rZJwtUhF3w3ftmwwsq0BUmARs4=
golang.org/x/text v0.3.0 h1:g61tztE5qeGQ89tm6NTjjM9VPIm088od1l6aSorWRWg=
golang.org/x/text v0.3.0/go.mod h1:NqM8EUOU14njkJ3fqMW+pc6Ldnwhi/IjpwHt7yyuwOQ=
gopkg.in/check.v1 v0.0.0-20161208181325-20d25e280405 h1:yhCVgyC4o1eVCa2tZl7eS0r+SDo693bJlVdllGtEeKM=
gopkg.in/check.v1 v0.0.0-20161208181325-20d25e280405/go.mod h1:Co6ibVJAznAaIkqp8huTwlJQCZ016jof/cbN4VW5Yz0=
gopkg.in/wzshiming/namecase.v1 v1.0.0-20180131015128-4cd1e715391a h1:PtRty1NjikG2IXXNWBUWLR+pvYEaECUzvEdYspmNOxU=
gopkg.in/wzshiming/namecase.v1 v1.0.0-20180131015128-4cd1e715391a/go.mod h1:1jQiDLRIJ6lOzOCorql6/zHUpR4e9Gs2EMt7K+DhLmk=
gopkg.in/wzshiming/namecase.v2 v2.3.1 h1:xPJ3mejlGsbhfEYTF6xXqTS75ZjfzVCWRM+hKy5/rVc=
gopkg.in/wzshiming/namecase.v2 v2.3.1/go.mod h1:4R/jSB7Vi44KBrqZlHMSg6zfilq+JTpRTnjpP36bJf0=
gopkg.in/yaml.v2 v2.2.1 h1:mUhvW9EsL+naU5Q3cakzfE91YhliOondGd6ZrsDBHQE=
gopkg.in/yaml.v2 v2.2.1/go.mod h1:hI93XBmqTisBFMUTm0b8Fm+jr3Dg1NNxqwp+5A1VGuI=
